
Microsoft Visual Studio Solution File, Format Version 12.00
# Visual Studio Version 16
VisualStudioVersion = 16.0.31424.327
MinimumVisualStudioVersion = 10.0.40219.1
Project("{FAE04EC0-301F-11D3-BF4B-00C04F79EFBC}") = "LogoItemOrderForm", "LogoItemOrderForm\LogoItemOrderForm.csproj", "{06C75378-24DB-474D-8080-C8AF7D077037}"
EndProject
Global
	GlobalSection(SolutionConfigurationPlatforms) = preSolution
		Debug|Any CPU = Debug|Any CPU
		Release|Any CPU = Release|Any CPU
	EndGlobalSection
	GlobalSection(ProjectConfigurationPlatforms) = postSolution
		{06C75378-24DB-474D-8080-C8AF7D077037}.Debug|Any CPU.ActiveCfg = Debug|Any CPU
		{06C75378-24DB-474D-8080-C8AF7D077037}.Debug|Any CPU.Build.0 = Debug|Any CPU
		{06C75378-24DB-474D-8080-C8AF7D077037}.Release|Any CPU.ActiveCfg = Release|Any CPU
		{06C75378-24DB-474D-8080-C8AF7D077037}.Release|Any CPU.Build.0 = Release|Any CPU
	EndGlobalSection
	GlobalSection(SolutionProperties) = preSolution
		HideSolutionNode = FALSE
	EndGlobalSection
	GlobalSection(ExtensibilityGlobals) = postSolution
		SolutionGuid = {DDCAD384-9E44-4598-A524-5F8A266C3486}
	EndGlobalSection
EndGlobal
